{
  "name": "example",
  "version": "0.0.0",
  "lockfileVersion": 2,
  "requires": true,
  "packages": {
    "": {
      "name": "example",
      "version": "0.0.0",
      "dependencies": {
        "@awesomeorganization/rewrite-handler": "1.1.0",
        "@awesomeorganization/servers": "2.0.2",
        "@awesomeorganization/static-handler": ".."
      }
    },
    "..": {
      "name": "@awesomeorganization/static-handler",
      "version": "1.4.3",
      "license": "MIT",
      "devDependencies": {
        "@awesomeorganization/servers": "2.0.2",
        "eslint-config-prettier": "8.5.0",
        "eslint-plugin-github": "4.3.5",
        "eslint-plugin-node": "11.1.0",
        "eslint-plugin-sonarjs": "0.12.0",
        "husky": "7.0.4",
        "undici": "4.15.1"
      },
      "engines": {
        "node": ">=11.14.0"
      }
    },
    "node_modules/@awesomeorganization/rewrite-handler": {
      "version": "1.1.0",
      "resolved": "https://registry.npmjs.org/@awesomeorganization/rewrite-handler/-/rewrite-handler-1.1.0.tgz",
      "integrity": "sha512-EPX6CBiVhN149w1pRAbJ/Jb5+1ObfM3m2GzmASA67zCSP5sCXhDKjJLyaC6l5ZpySp1GN5OKtSr0N7XAdjygZQ=="
    },
    "node_modules/@awesomeorganization/servers": {
      "version": "2.0.2",
      "resolved": "https://registry.npmjs.org/@awesomeorganization/servers/-/servers-2.0.2.tgz",
      "integrity": "sha512-cpxudLojFShfdniH2T8pIdMjUs74Upk3Fb2hrDAm3S7AynCcCAnGkjJyrtq1SuR5iY2f6zBIh1JUq2foxNkYag==",
      "engines": {
        "node": ">=16.0.0",
        "npm": ">=8.0.0"
      }
    },
    "node_modules/@awesomeorganization/static-handler": {
      "resolved": "..",
      "link": true
    }
  },
  "dependencies": {
    "@awesomeorganization/rewrite-handler": {
      "version": "1.1.0",
      "resolved": "https://registry.npmjs.org/@awesomeorganization/rewrite-handler/-/rewrite-handler-1.1.0.tgz",
      "integrity": "sha512-EPX6CBiVhN149w1pRAbJ/Jb5+1ObfM3m2GzmASA67zCSP5sCXhDKjJLyaC6l5ZpySp1GN5OKtSr0N7XAdjygZQ=="
    },
    "@awesomeorganization/servers": {
      "version": "2.0.2",
      "resolved": "https://registry.npmjs.org/@awesomeorganization/servers/-/servers-2.0.2.tgz",
      "integrity": "sha512-cpxudLojFShfdniH2T8pIdMjUs74Upk3Fb2hrDAm3S7AynCcCAnGkjJyrtq1SuR5iY2f6zBIh1JUq2foxNkYag=="
    },
    "@awesomeorganization/static-handler": {
      "version": "file:..",
      "requires": {
        "@awesomeorganization/servers": "2.0.2",
        "eslint-config-prettier": "8.5.0",
        "eslint-plugin-github": "4.3.5",
        "eslint-plugin-node": "11.1.0",
        "eslint-plugin-sonarjs": "0.12.0",
        "husky": "7.0.4",
        "undici": "4.15.1"
      }
    }
  }
}
