{
  "name": "example",
  "version": "0.0.0",
  "lockfileVersion": 2,
  "requires": true,
  "packages": {
    "": {
      "name": "example",
      "version": "0.0.0",
      "dependencies": {
        "@awesomeorganization/rewrite-handler": "1.1.0",
        "@awesomeorganization/servers": "1.1.0",
        "@awesomeorganization/static-handler": ".."
      }
    },
    "..": {
      "name": "@awesomeorganization/static-handler",
      "version": "1.3.0",
      "license": "MIT",
      "devDependencies": {
        "@awesomeorganization/servers": "1.1.0",
        "eslint-config-prettier": "8.3.0",
        "eslint-plugin-node": "11.1.0",
        "undici": "4.10.4"
      }
    },
    "node_modules/@awesomeorganization/rewrite-handler": {
      "version": "1.1.0",
      "resolved": "https://registry.npmjs.org/@awesomeorganization/rewrite-handler/-/rewrite-handler-1.1.0.tgz",
      "integrity": "sha512-EPX6CBiVhN149w1pRAbJ/Jb5+1ObfM3m2GzmASA67zCSP5sCXhDKjJLyaC6l5ZpySp1GN5OKtSr0N7XAdjygZQ=="
    },
    "node_modules/@awesomeorganization/servers": {
      "version": "1.1.0",
      "resolved": "https://registry.npmjs.org/@awesomeorganization/servers/-/servers-1.1.0.tgz",
      "integrity": "sha512-JVhotZHELNFCnKwu0j0aMZnqS10ZEyWjZ3DbG56/VdAMm+rgJpiySU/ujNM1xELzItkZHgkjmrAPajs47PD3rg=="
    },
    "node_modules/@awesomeorganization/static-handler": {
      "resolved": "..",
      "link": true
    }
  },
  "dependencies": {
    "@awesomeorganization/rewrite-handler": {
      "version": "1.1.0",
      "resolved": "https://registry.npmjs.org/@awesomeorganization/rewrite-handler/-/rewrite-handler-1.1.0.tgz",
      "integrity": "sha512-EPX6CBiVhN149w1pRAbJ/Jb5+1ObfM3m2GzmASA67zCSP5sCXhDKjJLyaC6l5ZpySp1GN5OKtSr0N7XAdjygZQ=="
    },
    "@awesomeorganization/servers": {
      "version": "1.1.0",
      "resolved": "https://registry.npmjs.org/@awesomeorganization/servers/-/servers-1.1.0.tgz",
      "integrity": "sha512-JVhotZHELNFCnKwu0j0aMZnqS10ZEyWjZ3DbG56/VdAMm+rgJpiySU/ujNM1xELzItkZHgkjmrAPajs47PD3rg=="
    },
    "@awesomeorganization/static-handler": {
      "version": "file:..",
      "requires": {
        "@awesomeorganization/servers": "1.1.0",
        "eslint-config-prettier": "8.3.0",
        "eslint-plugin-node": "11.1.0",
        "undici": "4.10.4"
      }
    }
  }
}
